
Microsoft Visual Studio Solution File, Format Version 12.00
# Visual Studio Version 16
VisualStudioVersion = 16.0.31424.327
MinimumVisualStudioVersion = 10.0.40219.1
Project("{9A19103F-16F7-4668-BE54-9A1E7A4F7556}") = "prjSecondApplication", "prjSecondApplication.csproj", "{B335B5C0-466B-4232-9896-0D519D4FCE00}"
EndProject
Project("{9A19103F-16F7-4668-BE54-9A1E7A4F7556}") = "CollectionEg", "..\CollectionEg\CollectionEg.csproj", "{228965CA-75D4-4E62-B0A6-6270CC42D100}"
EndProject
Project("{9A19103F-16F7-4668-BE54-9A1E7A4F7556}") = "AssignmentWeeknd", "..\AssignmentWeeknd\AssignmentWeeknd.csproj", "{D50B15D2-5BE2-4751-AC7E-6528CC62661E}"
EndProject
Project("{FAE04EC0-301F-11D3-BF4B-00C04F79EFBC}") = "Assignment 2", "..\Assignment 2\Assignment 2.csproj", "{469A8B9F-2207-4B7C-9A79-43E95328F6B7}"
EndProject
Global
	GlobalSection(SolutionConfigurationPlatforms) = preSolution
		Debug|Any CPU = Debug|Any CPU
		Release|Any CPU = Release|Any CPU
	EndGlobalSection
	GlobalSection(ProjectConfigurationPlatforms) = postSolution
		{B335B5C0-466B-4232-9896-0D519D4FCE00}.Debug|Any CPU.ActiveCfg = Debug|Any CPU
		{B335B5C0-466B-4232-9896-0D519D4FCE00}.Debug|Any CPU.Build.0 = Debug|Any CPU
		{B335B5C0-466B-4232-9896-0D519D4FCE00}.Release|Any CPU.ActiveCfg = Release|Any CPU
		{B335B5C0-466B-4232-9896-0D519D4FCE00}.Release|Any CPU.Build.0 = Release|Any CPU
		{228965CA-75D4-4E62-B0A6-6270CC42D100}.Debug|Any CPU.ActiveCfg = Debug|Any CPU
		{228965CA-75D4-4E62-B0A6-6270CC42D100}.Debug|Any CPU.Build.0 = Debug|Any CPU
		{228965CA-75D4-4E62-B0A6-6270CC42D100}.Release|Any CPU.ActiveCfg = Release|Any CPU
		{228965CA-75D4-4E62-B0A6-6270CC42D100}.Release|Any CPU.Build.0 = Release|Any CPU
		{D50B15D2-5BE2-4751-AC7E-6528CC62661E}.Debug|Any CPU.ActiveCfg = Debug|Any CPU
		{D50B15D2-5BE2-4751-AC7E-6528CC62661E}.Debug|Any CPU.Build.0 = Debug|Any CPU
		{D50B15D2-5BE2-4751-AC7E-6528CC62661E}.Release|Any CPU.ActiveCfg = Release|Any CPU
		{D50B15D2-5BE2-4751-AC7E-6528CC62661E}.Release|Any CPU.Build.0 = Release|Any CPU
		{469A8B9F-2207-4B7C-9A79-43E95328F6B7}.Debug|Any CPU.ActiveCfg = Debug|Any CPU
		{469A8B9F-2207-4B7C-9A79-43E95328F6B7}.Debug|Any CPU.Build.0 = Debug|Any CPU
		{469A8B9F-2207-4B7C-9A79-43E95328F6B7}.Release|Any CPU.ActiveCfg = Release|Any CPU
		{469A8B9F-2207-4B7C-9A79-43E95328F6B7}.Release|Any CPU.Build.0 = Release|Any CPU
	EndGlobalSection
	GlobalSection(SolutionProperties) = preSolution
		HideSolutionNode = FALSE
	EndGlobalSection
	GlobalSection(ExtensibilityGlobals) = postSolution
		SolutionGuid = {379F4852-BC48-4600-B52C-49367FB782C3}
	EndGlobalSection
EndGlobal
